
Microsoft Visual Studio Solution File, Format Version 12.00
# Visual Studio Version 17
VisualStudioVersion = 17.0.32126.317
MinimumVisualStudioVersion = 10.0.40219.1
Project("{9A19103F-16F7-4668-BE54-9A1E7A4F7556}") = "HotelReservationsManager.BLL", "HotelReservationsManager.BLL\HotelReservationsManager.BLL.csproj", "{784E8025-125C-4F4D-AF26-C190AD87BE10}"
EndProject
Project("{9A19103F-16F7-4668-BE54-9A1E7A4F7556}") = "HotelReservationsManager.DAL", "HotelReservationsManager.DAL\HotelReservationsManager.DAL.csproj", "{1A5F5702-E1C2-4D83-AE14-648A79D35543}"
EndProject
Project("{9A19103F-16F7-4668-BE54-9A1E7A4F7556}") = "HotelReservationsManager.Web", "HotelReservationsManager.Web\HotelReservationsManager.Web.csproj", "{70DB9446-AEA0-497D-8F28-848F36CB2A70}"
EndProject
Global
	GlobalSection(SolutionConfigurationPlatforms) = preSolution
		Debug|Any CPU = Debug|Any CPU
		Release|Any CPU = Release|Any CPU
	EndGlobalSection
	GlobalSection(ProjectConfigurationPlatforms) = postSolution
		{784E8025-125C-4F4D-AF26-C190AD87BE10}.Debug|Any CPU.ActiveCfg = Debug|Any CPU
		{784E8025-125C-4F4D-AF26-C190AD87BE10}.Debug|Any CPU.Build.0 = Debug|Any CPU
		{784E8025-125C-4F4D-AF26-C190AD87BE10}.Release|Any CPU.ActiveCfg = Release|Any CPU
		{784E8025-125C-4F4D-AF26-C190AD87BE10}.Release|Any CPU.Build.0 = Release|Any CPU
		{1A5F5702-E1C2-4D83-AE14-648A79D35543}.Debug|Any CPU.ActiveCfg = Debug|Any CPU
		{1A5F5702-E1C2-4D83-AE14-648A79D35543}.Debug|Any CPU.Build.0 = Debug|Any CPU
		{1A5F5702-E1C2-4D83-AE14-648A79D35543}.Release|Any CPU.ActiveCfg = Release|Any CPU
		{1A5F5702-E1C2-4D83-AE14-648A79D35543}.Release|Any CPU.Build.0 = Release|Any CPU
		{70DB9446-AEA0-497D-8F28-848F36CB2A70}.Debug|Any CPU.ActiveCfg = Debug|Any CPU
		{70DB9446-AEA0-497D-8F28-848F36CB2A70}.Debug|Any CPU.Build.0 = Debug|Any CPU
		{70DB9446-AEA0-497D-8F28-848F36CB2A70}.Release|Any CPU.ActiveCfg = Release|Any CPU
		{70DB9446-AEA0-497D-8F28-848F36CB2A70}.Release|Any CPU.Build.0 = Release|Any CPU
	EndGlobalSection
	GlobalSection(SolutionProperties) = preSolution
		HideSolutionNode = FALSE
	EndGlobalSection
	GlobalSection(ExtensibilityGlobals) = postSolution
		SolutionGuid = {FDDC6D00-02F1-4117-B394-966779010622}
	EndGlobalSection
EndGlobal
