
Microsoft Visual Studio Solution File, Format Version 12.00
# Visual Studio Version 16
VisualStudioVersion = 16.0.31112.23
MinimumVisualStudioVersion = 10.0.40219.1
Project("{FAE04EC0-301F-11D3-BF4B-00C04F79EFBC}") = "HotelReservationsManager.DAL", "HotelReservationsManager.DAL\HotelReservationsManager.DAL.csproj", "{ED4532BC-6642-4AE1-A0BE-18A6B82C1121}"
EndProject
Global
	GlobalSection(SolutionConfigurationPlatforms) = preSolution
		Debug|Any CPU = Debug|Any CPU
		Release|Any CPU = Release|Any CPU
	EndGlobalSection
	GlobalSection(ProjectConfigurationPlatforms) = postSolution
		{ED4532BC-6642-4AE1-A0BE-18A6B82C1121}.Debug|Any CPU.ActiveCfg = Debug|Any CPU
		{ED4532BC-6642-4AE1-A0BE-18A6B82C1121}.Debug|Any CPU.Build.0 = Debug|Any CPU
		{ED4532BC-6642-4AE1-A0BE-18A6B82C1121}.Release|Any CPU.ActiveCfg = Release|Any CPU
		{ED4532BC-6642-4AE1-A0BE-18A6B82C1121}.Release|Any CPU.Build.0 = Release|Any CPU
	EndGlobalSection
	GlobalSection(SolutionProperties) = preSolution
		HideSolutionNode = FALSE
	EndGlobalSection
	GlobalSection(ExtensibilityGlobals) = postSolution
		SolutionGuid = {45E013CA-6D9B-45C7-8C9D-CF87409AABAB}
	EndGlobalSection
EndGlobal
